
Microsoft Visual Studio Solution File, Format Version 12.00
# Visual Studio Version 16
VisualStudioVersion = 16.0.31313.79
MinimumVisualStudioVersion = 10.0.40219.1
Project("{9A19103F-16F7-4668-BE54-9A1E7A4F7556}") = "InterviewSchedulingSystem", "InterviewSchedulingSystem\InterviewSchedulingSystem.csproj", "{3A45A141-AECD-48BC-B6D3-8A63870D0954}"
EndProject
Project("{9A19103F-16F7-4668-BE54-9A1E7A4F7556}") = "ISSystem.Models", "Models\ISSystem.Models.csproj", "{A7C18CD7-F849-4D70-96CE-148AB2072140}"
EndProject
Project("{9A19103F-16F7-4668-BE54-9A1E7A4F7556}") = "ISSystem.DbContext", "DbContext\ISSystem.DbContext.csproj", "{70D68244-1453-4549-AF59-E2470DD16CF6}"
EndProject
Project("{FAE04EC0-301F-11D3-BF4B-00C04F79EFBC}") = "TelegramBot", "TelegramBot\TelegramBot.csproj", "{162F12FD-0F12-45AB-86F9-EA7899C83E66}"
EndProject
Global
	GlobalSection(SolutionConfigurationPlatforms) = preSolution
		Debug|Any CPU = Debug|Any CPU
		Release|Any CPU = Release|Any CPU
	EndGlobalSection
	GlobalSection(ProjectConfigurationPlatforms) = postSolution
		{3A45A141-AECD-48BC-B6D3-8A63870D0954}.Debug|Any CPU.ActiveCfg = Debug|Any CPU
		{3A45A141-AECD-48BC-B6D3-8A63870D0954}.Debug|Any CPU.Build.0 = Debug|Any CPU
		{3A45A141-AECD-48BC-B6D3-8A63870D0954}.Release|Any CPU.ActiveCfg = Release|Any CPU
		{3A45A141-AECD-48BC-B6D3-8A63870D0954}.Release|Any CPU.Build.0 = Release|Any CPU
		{A7C18CD7-F849-4D70-96CE-148AB2072140}.Debug|Any CPU.ActiveCfg = Debug|Any CPU
		{A7C18CD7-F849-4D70-96CE-148AB2072140}.Debug|Any CPU.Build.0 = Debug|Any CPU
		{A7C18CD7-F849-4D70-96CE-148AB2072140}.Release|Any CPU.ActiveCfg = Release|Any CPU
		{A7C18CD7-F849-4D70-96CE-148AB2072140}.Release|Any CPU.Build.0 = Release|Any CPU
		{70D68244-1453-4549-AF59-E2470DD16CF6}.Debug|Any CPU.ActiveCfg = Debug|Any CPU
		{70D68244-1453-4549-AF59-E2470DD16CF6}.Debug|Any CPU.Build.0 = Debug|Any CPU
		{70D68244-1453-4549-AF59-E2470DD16CF6}.Release|Any CPU.ActiveCfg = Release|Any CPU
		{70D68244-1453-4549-AF59-E2470DD16CF6}.Release|Any CPU.Build.0 = Release|Any CPU
		{162F12FD-0F12-45AB-86F9-EA7899C83E66}.Debug|Any CPU.ActiveCfg = Debug|Any CPU
		{162F12FD-0F12-45AB-86F9-EA7899C83E66}.Debug|Any CPU.Build.0 = Debug|Any CPU
		{162F12FD-0F12-45AB-86F9-EA7899C83E66}.Release|Any CPU.ActiveCfg = Release|Any CPU
		{162F12FD-0F12-45AB-86F9-EA7899C83E66}.Release|Any CPU.Build.0 = Release|Any CPU
	EndGlobalSection
	GlobalSection(SolutionProperties) = preSolution
		HideSolutionNode = FALSE
	EndGlobalSection
	GlobalSection(ExtensibilityGlobals) = postSolution
		SolutionGuid = {0969F927-B2ED-4ACA-924A-92955F42A4FE}
	EndGlobalSection
EndGlobal
